// !$*UTF8*$!
{
	archiveVersion = 1;
	classes = {
	};
	objectVersion = 48;
	objects = {

/* Begin PBXBuildFile section */
		9F029D1321523A94007A9AB5 /* Accelerate.framework in Frameworks */ = {isa = PBXBuildFile; fileRef = 9F029D1221523A94007A9AB5 /* Accelerate.framework */; };
		9F029D1B21523B5B007A9AB5 /* JavaScriptCore.framework in Frameworks */ = {isa = PBXBuildFile; fileRef = 9F029D1A21523B5B007A9AB5 /* JavaScriptCore.framework */; };
		9F318D152151F7FF00D5B51C /* CoreLocation.framework in Frameworks */ = {isa = PBXBuildFile; fileRef = 9F318D142151F7FF00D5B51C /* CoreLocation.framework */; };
		9F318D1B2151F82500D5B51C /* AdSupport.framework in Frameworks */ = {isa = PBXBuildFile; fileRef = 9F318D1A2151F82500D5B51C /* AdSupport.framework */; };
		9F340BF62136C0BA00ED4308 /* AppDelegate.m in Sources */ = {isa = PBXBuildFile; fileRef = 9F340BF52136C0BA00ED4308 /* AppDelegate.m */; };
		9F340BFE2136C0BA00ED4308 /* Assets.xcassets in Resources */ = {isa = PBXBuildFile; fileRef = 9F340BFD2136C0BA00ED4308 /* Assets.xcassets */; };
		9F340C012136C0BA00ED4308 /* LaunchScreen.storyboard in Resources */ = {isa = PBXBuildFile; fileRef = 9F340BFF2136C0BA00ED4308 /* LaunchScreen.storyboard */; };
		9F340C042136C0BA00ED4308 /* main.m in Sources */ = {isa = PBXBuildFile; fileRef = 9F340C032136C0BA00ED4308 /* main.m */; };
		9F340C0D2136D36D00ED4308 /* libz.1.2.8.tbd in Frameworks */ = {isa = PBXBuildFile; fileRef = 9F340C0C2136D36D00ED4308 /* libz.1.2.8.tbd */; };
		9F340C112136D38700ED4308 /* libsqlite3.0.tbd in Frameworks */ = {isa = PBXBuildFile; fileRef = 9F340C102136D38700ED4308 /* libsqlite3.0.tbd */; };
		9F340C132136D39900ED4308 /* libc++.tbd in Frameworks */ = {isa = PBXBuildFile; fileRef = 9F340C122136D39900ED4308 /* libc++.tbd */; };
		9F340C16213797EE00ED4308 /* SystemConfiguration.framework in Frameworks */ = {isa = PBXBuildFile; fileRef = 9F340C15213797EE00ED4308 /* SystemConfiguration.framework */; };
		9F340C18213797F900ED4308 /* CoreGraphics.framework in Frameworks */ = {isa = PBXBuildFile; fileRef = 9F340C17213797F900ED4308 /* CoreGraphics.framework */; };
		9F45BB97215649540027721C /* first_logo.png in Resources */ = {isa = PBXBuildFile; fileRef = 9F45BB95215649530027721C /* first_logo.png */; };
		9FC3E0B121BA4F0800D7E78C /* CoreMotion.framework in Frameworks */ = {isa = PBXBuildFile; fileRef = 9FC3E0B021BA4F0800D7E78C /* CoreMotion.framework */; };
		9FC486EF21439CEA0061654B /* Security.framework in Frameworks */ = {isa = PBXBuildFile; fileRef = 9FC486EE21439CEA0061654B /* Security.framework */; };
		9FF78FDA2146A5500051E267 /* CFNetwork.framework in Frameworks */ = {isa = PBXBuildFile; fileRef = 9FF78FD92146A54F0051E267 /* CFNetwork.framework */; };
		9FF78FE02148EC910051E267 /* ExternalAccessory.framework in Frameworks */ = {isa = PBXBuildFile; fileRef = 9FF78FDF2148EC910051E267 /* ExternalAccessory.framework */; };
		DB54CDE6D6917A8FBAF4AD92 /* libPods-DNGPS.a in Frameworks */ = {isa = PBXBuildFile; fileRef = EB7D93C2537D0179B8A514C4 /* libPods-DNGPS.a */; };
/* End PBXBuildFile section */

/* Begin PBXFileReference section */
		9F029D1021523A51007A9AB5 /* libc.tbd */ = {isa = PBXFileReference; lastKnownFileType = "sourcecode.text-based-dylib-definition"; name = libc.tbd; path = usr/lib/libc.tbd; sourceTree = SDKROOT; };
		9F029D1221523A94007A9AB5 /* Accelerate.framework */ = {isa = PBXFileReference; lastKnownFileType = wrapper.framework; name = Accelerate.framework; path = System/Library/Frameworks/Accelerate.framework; sourceTree = SDKROOT; };
		9F029D1421523AA1007A9AB5 /* libicucore.tbd */ = {isa = PBXFileReference; lastKnownFileType = "sourcecode.text-based-dylib-definition"; name = libicucore.tbd; path = usr/lib/libicucore.tbd; sourceTree = SDKROOT; };
		9F029D1621523ABE007A9AB5 /* libresolv.9.tbd */ = {isa = PBXFileReference; lastKnownFileType = "sourcecode.text-based-dylib-definition"; name = libresolv.9.tbd; path = usr/lib/libresolv.9.tbd; sourceTree = SDKROOT; };
		9F029D1821523AD4007A9AB5 /* libz.tbd */ = {isa = PBXFileReference; lastKnownFileType = "sourcecode.text-based-dylib-definition"; name = libz.tbd; path = usr/lib/libz.tbd; sourceTree = SDKROOT; };
		9F029D1A21523B5B007A9AB5 /* JavaScriptCore.framework */ = {isa = PBXFileReference; lastKnownFileType = wrapper.framework; name = JavaScriptCore.framework; path = System/Library/Frameworks/JavaScriptCore.framework; sourceTree = SDKROOT; };
		9F318D142151F7FF00D5B51C /* CoreLocation.framework */ = {isa = PBXFileReference; lastKnownFileType = wrapper.framework; name = CoreLocation.framework; path = System/Library/Frameworks/CoreLocation.framework; sourceTree = SDKROOT; };
		9F318D162151F80500D5B51C /* CoreTelephony.framework */ = {isa = PBXFileReference; lastKnownFileType = wrapper.framework; name = CoreTelephony.framework; path = System/Library/Frameworks/CoreTelephony.framework; sourceTree = SDKROOT; };
		9F318D182151F81600D5B51C /* CoreData.framework */ = {isa = PBXFileReference; lastKnownFileType = wrapper.framework; name = CoreData.framework; path = System/Library/Frameworks/CoreData.framework; sourceTree = SDKROOT; };
		9F318D1A2151F82500D5B51C /* AdSupport.framework */ = {isa = PBXFileReference; lastKnownFileType = wrapper.framework; name = AdSupport.framework; path = System/Library/Frameworks/AdSupport.framework; sourceTree = SDKROOT; };
		9F340BF12136C0BA00ED4308 /* DNGPS.app */ = {isa = PBXFileReference; explicitFileType = wrapper.application; includeInIndex = 0; path = DNGPS.app; sourceTree = BUILT_PRODUCTS_DIR; };
		9F340BF42136C0BA00ED4308 /* AppDelegate.h */ = {isa = PBXFileReference; lastKnownFileType = sourcecode.c.h; path = AppDelegate.h; sourceTree = "<group>"; };
		9F340BF52136C0BA00ED4308 /* AppDelegate.m */ = {isa = PBXFileReference; lastKnownFileType = sourcecode.c.objc; path = AppDelegate.m; sourceTree = "<group>"; };
		9F340BFD2136C0BA00ED4308 /* Assets.xcassets */ = {isa = PBXFileReference; lastKnownFileType = folder.assetcatalog; path = Assets.xcassets; sourceTree = "<group>"; };
		9F340C002136C0BA00ED4308 /* Base */ = {isa = PBXFileReference; lastKnownFileType = file.storyboard; name = Base; path = Base.lproj/LaunchScreen.storyboard; sourceTree = "<group>"; };
		9F340C022136C0BA00ED4308 /* Info.plist */ = {isa = PBXFileReference; lastKnownFileType = text.plist.xml; path = Info.plist; sourceTree = "<group>"; };
		9F340C032136C0BA00ED4308 /* main.m */ = {isa = PBXFileReference; lastKnownFileType = sourcecode.c.objc; path = main.m; sourceTree = "<group>"; };
		9F340C0C2136D36D00ED4308 /* libz.1.2.8.tbd */ = {isa = PBXFileReference; lastKnownFileType = "sourcecode.text-based-dylib-definition"; name = libz.1.2.8.tbd; path = usr/lib/libz.1.2.8.tbd; sourceTree = SDKROOT; };
		9F340C102136D38700ED4308 /* libsqlite3.0.tbd */ = {isa = PBXFileReference; lastKnownFileType = "sourcecode.text-based-dylib-definition"; name = libsqlite3.0.tbd; path = usr/lib/libsqlite3.0.tbd; sourceTree = SDKROOT; };
		9F340C122136D39900ED4308 /* libc++.tbd */ = {isa = PBXFileReference; lastKnownFileType = "sourcecode.text-based-dylib-definition"; name = "libc++.tbd"; path = "usr/lib/libc++.tbd"; sourceTree = SDKROOT; };
		9F340C15213797EE00ED4308 /* SystemConfiguration.framework */ = {isa = PBXFileReference; lastKnownFileType = wrapper.framework; name = SystemConfiguration.framework; path = System/Library/Frameworks/SystemConfiguration.framework; sourceTree = SDKROOT; };
		9F340C17213797F900ED4308 /* CoreGraphics.framework */ = {isa = PBXFileReference; lastKnownFileType = wrapper.framework; name = CoreGraphics.framework; path = System/Library/Frameworks/CoreGraphics.framework; sourceTree = SDKROOT; };
		9F45BB96215649530027721C /* Base */ = {isa = PBXFileReference; lastKnownFileType = image.png; name = Base; path = Base.lproj/first_logo.png; sourceTree = "<group>"; };
		9FC3E0B021BA4F0800D7E78C /* CoreMotion.framework */ = {isa = PBXFileReference; lastKnownFileType = wrapper.framework; name = CoreMotion.framework; path = System/Library/Frameworks/CoreMotion.framework; sourceTree = SDKROOT; };
		9FC486EE21439CEA0061654B /* Security.framework */ = {isa = PBXFileReference; lastKnownFileType = wrapper.framework; name = Security.framework; path = System/Library/Frameworks/Security.framework; sourceTree = SDKROOT; };
		9FF78FD92146A54F0051E267 /* CFNetwork.framework */ = {isa = PBXFileReference; lastKnownFileType = wrapper.framework; name = CFNetwork.framework; path = System/Library/Frameworks/CFNetwork.framework; sourceTree = SDKROOT; };
		9FF78FDF2148EC910051E267 /* ExternalAccessory.framework */ = {isa = PBXFileReference; lastKnownFileType = wrapper.framework; name = ExternalAccessory.framework; path = System/Library/Frameworks/ExternalAccessory.framework; sourceTree = SDKROOT; };
		A45C462966E30D7864CAC263 /* Pods-DNGPS.release.xcconfig */ = {isa = PBXFileReference; includeInIndex = 1; lastKnownFileType = text.xcconfig; name = "Pods-DNGPS.release.xcconfig"; path = "Pods/Target Support Files/Pods-DNGPS/Pods-DNGPS.release.xcconfig"; sourceTree = "<group>"; };
		CAE7A022C9FBA267E27B7D98 /* Pods-DNGPS.debug.xcconfig */ = {isa = PBXFileReference; includeInIndex = 1; lastKnownFileType = text.xcconfig; name = "Pods-DNGPS.debug.xcconfig"; path = "Pods/Target Support Files/Pods-DNGPS/Pods-DNGPS.debug.xcconfig"; sourceTree = "<group>"; };
		EB7D93C2537D0179B8A514C4 /* libPods-DNGPS.a */ = {isa = PBXFileReference; explicitFileType = archive.ar; includeInIndex = 0; path = "libPods-DNGPS.a"; sourceTree = BUILT_PRODUCTS_DIR; };
/* End PBXFileReference section */

/* Begin PBXFrameworksBuildPhase section */
		9F340BEE2136C0BA00ED4308 /* Frameworks */ = {
			isa = PBXFrameworksBuildPhase;
			buildActionMask = 2147483647;
			files = (
				9FC3E0B121BA4F0800D7E78C /* CoreMotion.framework in Frameworks */,
				9F029D1B21523B5B007A9AB5 /* JavaScriptCore.framework in Frameworks */,
				9F029D1321523A94007A9AB5 /* Accelerate.framework in Frameworks */,
				9F318D1B2151F82500D5B51C /* AdSupport.framework in Frameworks */,
				9F318D152151F7FF00D5B51C /* CoreLocation.framework in Frameworks */,
				9FF78FE02148EC910051E267 /* ExternalAccessory.framework in Frameworks */,
				9FF78FDA2146A5500051E267 /* CFNetwork.framework in Frameworks */,
				9FC486EF21439CEA0061654B /* Security.framework in Frameworks */,
				9F340C18213797F900ED4308 /* CoreGraphics.framework in Frameworks */,
				9F340C16213797EE00ED4308 /* SystemConfiguration.framework in Frameworks */,
				9F340C132136D39900ED4308 /* libc++.tbd in Frameworks */,
				9F340C112136D38700ED4308 /* libsqlite3.0.tbd in Frameworks */,
				9F340C0D2136D36D00ED4308 /* libz.1.2.8.tbd in Frameworks */,
				DB54CDE6D6917A8FBAF4AD92 /* libPods-DNGPS.a in Frameworks */,
			);
			runOnlyForDeploymentPostprocessing = 0;
		};
/* End PBXFrameworksBuildPhase section */

/* Begin PBXGroup section */
		40C0A976BC829125B421E899 /* Frameworks */ = {
			isa = PBXGroup;
			children = (
				9FC3E0B021BA4F0800D7E78C /* CoreMotion.framework */,
				9F029D1A21523B5B007A9AB5 /* JavaScriptCore.framework */,
				9F029D1821523AD4007A9AB5 /* libz.tbd */,
				9F029D1621523ABE007A9AB5 /* libresolv.9.tbd */,
				9F029D1421523AA1007A9AB5 /* libicucore.tbd */,
				9F029D1221523A94007A9AB5 /* Accelerate.framework */,
				9F029D1021523A51007A9AB5 /* libc.tbd */,
				9F318D1A2151F82500D5B51C /* AdSupport.framework */,
				9F318D182151F81600D5B51C /* CoreData.framework */,
				9F318D162151F80500D5B51C /* CoreTelephony.framework */,
				9F318D142151F7FF00D5B51C /* CoreLocation.framework */,
				9FF78FDF2148EC910051E267 /* ExternalAccessory.framework */,
				9FF78FD92146A54F0051E267 /* CFNetwork.framework */,
				9FC486EE21439CEA0061654B /* Security.framework */,
				9F340C17213797F900ED4308 /* CoreGraphics.framework */,
				9F340C15213797EE00ED4308 /* SystemConfiguration.framework */,
				9F340C122136D39900ED4308 /* libc++.tbd */,
				9F340C102136D38700ED4308 /* libsqlite3.0.tbd */,
				9F340C0C2136D36D00ED4308 /* libz.1.2.8.tbd */,
				EB7D93C2537D0179B8A514C4 /* libPods-DNGPS.a */,
			);
			name = Frameworks;
			sourceTree = "<group>";
		};
		6DCF0A2486D970BD223F0F18 /* Pods */ = {
			isa = PBXGroup;
			children = (
				CAE7A022C9FBA267E27B7D98 /* Pods-DNGPS.debug.xcconfig */,
				A45C462966E30D7864CAC263 /* Pods-DNGPS.release.xcconfig */,
			);
			name = Pods;
			sourceTree = "<group>";
		};
		9F340BE82136C0BA00ED4308 = {
			isa = PBXGroup;
			children = (
				9F340BF32136C0BA00ED4308 /* DNGPS */,
				9F340BF22136C0BA00ED4308 /* Products */,
				6DCF0A2486D970BD223F0F18 /* Pods */,
				40C0A976BC829125B421E899 /* Frameworks */,
			);
			sourceTree = "<group>";
		};
		9F340BF22136C0BA00ED4308 /* Products */ = {
			isa = PBXGroup;
			children = (
				9F340BF12136C0BA00ED4308 /* DNGPS.app */,
			);
			name = Products;
			sourceTree = "<group>";
		};
		9F340BF32136C0BA00ED4308 /* DNGPS */ = {
			isa = PBXGroup;
			children = (
				9F45BB9921564A930027721C /* Supporting Files */,
				9F340BF42136C0BA00ED4308 /* AppDelegate.h */,
				9F340BF52136C0BA00ED4308 /* AppDelegate.m */,
				9F340C032136C0BA00ED4308 /* main.m */,
			);
			path = DNGPS;
			sourceTree = "<group>";
		};
		9F45BB9921564A930027721C /* Supporting Files */ = {
			isa = PBXGroup;
			children = (
				9F340BFD2136C0BA00ED4308 /* Assets.xcassets */,
				9F45BB95215649530027721C /* first_logo.png */,
				9F340C022136C0BA00ED4308 /* Info.plist */,
				9F340BFF2136C0BA00ED4308 /* LaunchScreen.storyboard */,
			);
			name = "Supporting Files";
			sourceTree = "<group>";
		};
/* End PBXGroup section */

/* Begin PBXNativeTarget section */
		9F340BF02136C0BA00ED4308 /* DNGPS */ = {
			isa = PBXNativeTarget;
			buildConfigurationList = 9F340C072136C0BA00ED4308 /* Build configuration list for PBXNativeTarget "DNGPS" */;
			buildPhases = (
				0F480584840E878387C0D62E /* [CP] Check Pods Manifest.lock */,
				9F340BED2136C0BA00ED4308 /* Sources */,
				9F340BEE2136C0BA00ED4308 /* Frameworks */,
				9F340BEF2136C0BA00ED4308 /* Resources */,
				3E202C2D3DFEC0AA2241429C /* [CP] Copy Pods Resources */,
				9FC486F021439E080061654B /* ShellScript */,
			);
			buildRules = (
			);
			dependencies = (
			);
			name = DNGPS;
			productName = DNGPS;
			productReference = 9F340BF12136C0BA00ED4308 /* DNGPS.app */;
			productType = "com.apple.product-type.application";
		};
/* End PBXNativeTarget section */

/* Begin PBXProject section */
		9F340BE92136C0BA00ED4308 /* Project object */ = {
			isa = PBXProject;
			attributes = {
				LastUpgradeCheck = 1000;
				ORGANIZATIONNAME = eisen;
				TargetAttributes = {
					9F340BF02136C0BA00ED4308 = {
						CreatedOnToolsVersion = 9.0;
						ProvisioningStyle = Automatic;
						SystemCapabilities = {
							com.apple.BackgroundModes = {
								enabled = 1;
							};
						};
					};
				};
			};
			buildConfigurationList = 9F340BEC2136C0BA00ED4308 /* Build configuration list for PBXProject "DNGPS" */;
			compatibilityVersion = "Xcode 8.0";
			developmentRegion = en;
			hasScannedForEncodings = 0;
			knownRegions = (
				en,
				Base,
			);
			mainGroup = 9F340BE82136C0BA00ED4308;
			productRefGroup = 9F340BF22136C0BA00ED4308 /* Products */;
			projectDirPath = "";
			projectRoot = "";
			targets = (
				9F340BF02136C0BA00ED4308 /* DNGPS */,
			);
		};
/* End PBXProject section */

/* Begin PBXResourcesBuildPhase section */
		9F340BEF2136C0BA00ED4308 /* Resources */ = {
			isa = PBXResourcesBuildPhase;
			buildActionMask = 2147483647;
			files = (
				9F45BB97215649540027721C /* first_logo.png in Resources */,
				9F340C012136C0BA00ED4308 /* LaunchScreen.storyboard in Resources */,
				9F340BFE2136C0BA00ED4308 /* Assets.xcassets in Resources */,
			);
			runOnlyForDeploymentPostprocessing = 0;
		};
/* End PBXResourcesBuildPhase section */

/* Begin PBXShellScriptBuildPhase section */
		0F480584840E878387C0D62E /* [CP] Check Pods Manifest.lock */ = {
			isa = PBXShellScriptBuildPhase;
			buildActionMask = 2147483647;
			files = (
			);
			inputPaths = (
				"${PODS_PODFILE_DIR_PATH}/Podfile.lock",
				"${PODS_ROOT}/Manifest.lock",
			);
			name = "[CP] Check Pods Manifest.lock";
			outputPaths = (
				"$(DERIVED_FILE_DIR)/Pods-DNGPS-checkManifestLockResult.txt",
			);
			runOnlyForDeploymentPostprocessing = 0;
			shellPath = /bin/sh;
			shellScript = "diff \"${PODS_PODFILE_DIR_PATH}/Podfile.lock\" \"${PODS_ROOT}/Manifest.lock\" > /dev/null\nif [ $? != 0 ] ; then\n    # print error to STDERR\n    echo \"error: The sandbox is not in sync with the Podfile.lock. Run 'pod install' or update your CocoaPods installation.\" >&2\n    exit 1\nfi\n# This output is used by Xcode 'outputs' to avoid re-running this script phase.\necho \"SUCCESS\" > \"${SCRIPT_OUTPUT_FILE_0}\"\n";
			showEnvVarsInLog = 0;
		};
		3E202C2D3DFEC0AA2241429C /* [CP] Copy Pods Resources */ = {
			isa = PBXShellScriptBuildPhase;
			buildActionMask = 2147483647;
			files = (
			);
			inputPaths = (
				"${SRCROOT}/Pods/Target Support Files/Pods-DNGPS/Pods-DNGPS-resources.sh",
				"${PODS_ROOT}/AVOSCloud/AVOS/AVOSCloud/AVOSCloud_Art.inc",
				"${PODS_ROOT}/../DNFeature/DNExtendCenter/Controller/DNExtendCenterController.xib",
				"${PODS_ROOT}/../DNFeature/DNExtendCenter/Controller/DNPrivacyPolicyController.xib",
				"${PODS_ROOT}/../DNFeature/DNExtendCenter/View/DNContactCell.xib",
				"${PODS_ROOT}/../DNFeature/DNExtendCenter/View/DNExtendCenterCell.xib",
				"${PODS_ROOT}/../DNFeature/DNExtendCenter/View/DNFamilyViewCell.xib",
				"${PODS_ROOT}/../DNFeature/DNExtendCenter/View/DNNoticeViewCell.xib",
				"${PODS_ROOT}/../DNFeature/DNExtendCenter/View/DNSettingViewCell.xib",
				"${PODS_ROOT}/../DNFeature/DNMainMap/Controller/DNHomeGuideController.xib",
				"${PODS_ROOT}/../DNFeature/DNMainMap/Controller/DNHomeViewController.xib",
				"${PODS_ROOT}/../DNFeature/DNMainMap/Controller/DNMapExtendController.xib",
				"${PODS_ROOT}/../DNFeature/DNMainMap/View/DNCollectInfoCell.xib",
				"${PODS_ROOT}/../DNFeature/DNMainMap/View/DNMapExtendViewCell.xib",
				"${PODS_ROOT}/../DNFeature/DNMainMap/View/DNTipView.xib",
				"${PODS_ROOT}/../DNFeature/DNRoute/Controller/DNRouteGuideController.xib",
				"${PODS_ROOT}/../DNFeature/DNRoute/Controller/DNRouteNavigatingController.xib",
				"${PODS_ROOT}/../DNFeature/DNRoute/Controller/DNRouteSettingController.xib",
				"${PODS_ROOT}/../DNFeature/DNRoute/View/DNEditLineName.xib",
				"${PODS_ROOT}/../DNFeature/DNRoute/View/DNPointRuleView.xib",
				"${PODS_ROOT}/../DNFeature/DNRoute/View/DNPointRuleViewCell.xib",
				"${PODS_ROOT}/../DNFeature/DNRoute/View/DNRouteAppCell.xib",
				"${PODS_ROOT}/../DNFeature/DNRoute/View/DNRouteCollectionCell.xib",
				"${PODS_ROOT}/../DNFeature/DNRoute/View/DNRoutePathCell.xib",
				"${PODS_ROOT}/../DNFeature/DNRoute/View/DNRouteSettingView.xib",
				"${PODS_ROOT}/../DNFeature/DNWrappers/Controllers/DNCollectionController.xib",
				"${PODS_ROOT}/../DNFeature/DNWrappers/Views/DNEditLocationView.xib",
				"${PODS_ROOT}/../DNFeature/DNWrappers/Views/DNSearchTableViewCell.xib",
				"${PODS_ROOT}/../DNFeature/DNFeature.bundle",
				"${PODS_ROOT}/../DNFoundation/DNThird/BaiduMapSDK/BaiduMapAPI_Map.framework/mapapi.bundle",
				"${PODS_ROOT}/../DNFoundation/DNWrappers/DNMonitor/SMMonitor.bundle",
			);
			name = "[CP] Copy Pods Resources";
			outputPaths = (
				"${TARGET_BUILD_DIR}/${UNLOCALIZED_RESOURCES_FOLDER_PATH}/AVOSCloud_Art.inc",
				"${TARGET_BUILD_DIR}/${UNLOCALIZED_RESOURCES_FOLDER_PATH}/DNExtendCenterController.nib",
				"${TARGET_BUILD_DIR}/${UNLOCALIZED_RESOURCES_FOLDER_PATH}/DNPrivacyPolicyController.nib",
				"${TARGET_BUILD_DIR}/${UNLOCALIZED_RESOURCES_FOLDER_PATH}/DNContactCell.nib",
				"${TARGET_BUILD_DIR}/${UNLOCALIZED_RESOURCES_FOLDER_PATH}/DNExtendCenterCell.nib",
				"${TARGET_BUILD_DIR}/${UNLOCALIZED_RESOURCES_FOLDER_PATH}/DNFamilyViewCell.nib",
				"${TARGET_BUILD_DIR}/${UNLOCALIZED_RESOURCES_FOLDER_PATH}/DNNoticeViewCell.nib",
				"${TARGET_BUILD_DIR}/${UNLOCALIZED_RESOURCES_FOLDER_PATH}/DNSettingViewCell.nib",
				"${TARGET_BUILD_DIR}/${UNLOCALIZED_RESOURCES_FOLDER_PATH}/DNHomeGuideController.nib",
				"${TARGET_BUILD_DIR}/${UNLOCALIZED_RESOURCES_FOLDER_PATH}/DNHomeViewController.nib",
				"${TARGET_BUILD_DIR}/${UNLOCALIZED_RESOURCES_FOLDER_PATH}/DNMapExtendController.nib",
				"${TARGET_BUILD_DIR}/${UNLOCALIZED_RESOURCES_FOLDER_PATH}/DNCollectInfoCell.nib",
				"${TARGET_BUILD_DIR}/${UNLOCALIZED_RESOURCES_FOLDER_PATH}/DNMapExtendViewCell.nib",
				"${TARGET_BUILD_DIR}/${UNLOCALIZED_RESOURCES_FOLDER_PATH}/DNTipView.nib",
				"${TARGET_BUILD_DIR}/${UNLOCALIZED_RESOURCES_FOLDER_PATH}/DNRouteGuideController.nib",
				"${TARGET_BUILD_DIR}/${UNLOCALIZED_RESOURCES_FOLDER_PATH}/DNRouteNavigatingController.nib",
				"${TARGET_BUILD_DIR}/${UNLOCALIZED_RESOURCES_FOLDER_PATH}/DNRouteSettingController.nib",
				"${TARGET_BUILD_DIR}/${UNLOCALIZED_RESOURCES_FOLDER_PATH}/DNEditLineName.nib",
				"${TARGET_BUILD_DIR}/${UNLOCALIZED_RESOURCES_FOLDER_PATH}/DNPointRuleView.nib",
				"${TARGET_BUILD_DIR}/${UNLOCALIZED_RESOURCES_FOLDER_PATH}/DNPointRuleViewCell.nib",
				"${TARGET_BUILD_DIR}/${UNLOCALIZED_RESOURCES_FOLDER_PATH}/DNRouteAppCell.nib",
				"${TARGET_BUILD_DIR}/${UNLOCALIZED_RESOURCES_FOLDER_PATH}/DNRouteCollectionCell.nib",
				"${TARGET_BUILD_DIR}/${UNLOCALIZED_RESOURCES_FOLDER_PATH}/DNRoutePathCell.nib",
				"${TARGET_BUILD_DIR}/${UNLOCALIZED_RESOURCES_FOLDER_PATH}/DNRouteSettingView.nib",
				"${TARGET_BUILD_DIR}/${UNLOCALIZED_RESOURCES_FOLDER_PATH}/DNCollectionController.nib",
				"${TARGET_BUILD_DIR}/${UNLOCALIZED_RESOURCES_FOLDER_PATH}/DNEditLocationView.nib",
				"${TARGET_BUILD_DIR}/${UNLOCALIZED_RESOURCES_FOLDER_PATH}/DNSearchTableViewCell.nib",
				"${TARGET_BUILD_DIR}/${UNLOCALIZED_RESOURCES_FOLDER_PATH}/DNFeature.bundle",
				"${TARGET_BUILD_DIR}/${UNLOCALIZED_RESOURCES_FOLDER_PATH}/mapapi.bundle",
				"${TARGET_BUILD_DIR}/${UNLOCALIZED_RESOURCES_FOLDER_PATH}/SMMonitor.bundle",
			);
			runOnlyForDeploymentPostprocessing = 0;
			shellPath = /bin/sh;
			shellScript = "\"${SRCROOT}/Pods/Target Support Files/Pods-DNGPS/Pods-DNGPS-resources.sh\"\n";
			showEnvVarsInLog = 0;
		};
		9FC486F021439E080061654B /* ShellScript */ = {
			isa = PBXShellScriptBuildPhase;
			buildActionMask = 8;
			files = (
			);
			inputPaths = (
			);
			outputPaths = (
			);
			runOnlyForDeploymentPostprocessing = 1;
			shellPath = /bin/sh;
			shellScript = "#!/bin/sh\n#\n# Copyright 2016 Bugly, Tencent. All rights reserved.\n#\n# V1.4.0\n#\n# 2016.08.03\n#\n#\n#\n######################################################\n# 1. 脚本集成到Xcode工程的Target\n######################################################\n#\n# --- Copy the SCRIPT to the Run Script of Build Phases in the Xcode project ---\n#\n# #\nBUGLY_APP_ID=\"2eb6d9ace1\"\n# #\nBUGLY_APP_KEY=\"07e83a48-75cf-4b5a-9311-b51f805956b5\"\n# #\nBUNDLE_IDENTIFIER=\"com.deniu.DNGPS\"\n# #\nUPLOAD_DSYM_ONLY=1\n#\n# # 脚本默认配置的版本格式为CFBundleShortVersionString(CFBundleVersion),  如果你修改默认的版本格式, 请设置此变量, 如果不想修改, 请忽略此设置\n# CUSTOMIZED_APP_VERSION=\"\"\n#\n# # Debug模式编译是否上传，1＝上传 0＝不上传，默认不上传\n# UPLOAD_DEBUG_SYMBOLS=0\n#\n# # 模拟器编译是否上传，1=上传 0=不上传，默认不上传\n# UPLOAD_SIMULATOR_SYMBOLS=0\n#\n# #只有Archive操作时上传, 1=支持Archive上传 0=所有Release模式编译都上传\n# UPLOAD_ARCHIVE_ONLY=0\n#\n# #\n# source dSYMUpload.sh\n#\n# --- END OF SCRIPT ---\n#\n#\n#\n#\n#######################################################\n# 2. 脚本根据输入参数处理\n#######################################################\n#\n# #命令行下输入应用基本信息, .dSYM文件的父目录路径, 输出文件目录即可\n#\n# sh dSYMUpload.sh <bugly_app_id> <bugly_app_key> <app_bundle_identifier> <app_version> <dSYM_src_dir> <bSYMBOL_dest_dir>\n#\n# #\n#\n# #注意:\n# # 1. dSYMUpload.sh会调用buglySymboliOS.jar进行.dSYM解析，所以依赖Java运行时环境\n# # 2. dSYMUpload.sh和buglySymboliOS.jar的文件路径需一致\n#\n#\n\n#\n# --- CONTENT OF SCRIPT ---\n#\n\n# Bugly服务域名\nBUGLY_DSYM_UPLOAD_DOMAIN=\"api.bugly.qq.com\"\n\n# 注意jar工具的路径跟dSYMUpload.sh脚本路径一致, 请务必保证jar路径的正确性\nBUGLY_SYMBOL_JAR_PATH=\"dsymtool/buglySymboliOS.jar\"\n# 查找添加到系统目录的jar工具\nif [ ! -f \"${BUGLY_SYMBOL_JAR_PATH}\" ]; then\nBUGLY_SYMBOL_JAR_PATH=\"$HOME/bin/buglySymboliOS.jar\"\nfi\n\n# 打印错误信息\nfunction exitWithMessage(){\necho \"--------------------------------\"\necho \"${1}\"\necho \"--------------------------------\"\nexit ${2}\n}\n\n# 上传bSYMBOL文件\nfunction dSYMUpload() {\nP_APP_ID=\"$1\"\nP_APP_KEY=\"$2\"\nP_APP_BUNDLE_ID=\"$3\"\nP_APP_VERSION=\"$4\"\nP_BSYMBOL_ZIP_FILE=\"$5\"\n\n#\nP_BSYMBOL_ZIP_FILE_NAME=${P_BSYMBOL_ZIP_FILE##*/}\nP_BSYMBOL_ZIP_FILE_NAME=${P_BSYMBOL_ZIP_FILE_NAME//&/_}\nP_BSYMBOL_ZIP_FILE_NAME=\"${P_BSYMBOL_ZIP_FILE_NAME// /_}\"\n\nDSYM_UPLOAD_URL=\"https://${BUGLY_DSYM_UPLOAD_DOMAIN}/openapi/file/upload/symbol?app_id=${P_APP_ID}&app_key=${P_APP_KEY}\"\necho \"dSYM upload url: ${DSYM_UPLOAD_URL}\"\n\necho \"-----------------------------\"\nSTATUS=$(/usr/bin/curl -k \"${DSYM_UPLOAD_URL}\" --form \"api_version=1\" --form \"app_id=${P_APP_ID}\" --form \"app_key=${P_APP_KEY}\" --form \"symbolType=2\"  --form \"bundleId=${BUNDLE_IDENTIFIER}\" --form \"productVersion=${BUGLY_APP_VERSION}\" --form \"fileName=${P_BSYMBOL_ZIP_FILE_NAME}\" --form \"file=@${P_BSYMBOL_ZIP_FILE}\" --verbose)\necho \"-----------------------------\"\n\nUPLOAD_RESULT=\"FAILTURE\"\necho \"Bugly server response: ${STATUS}\"\nif [ ! \"${STATUS}\" ]; then\necho \"Error: Failed to upload the zip archive file.\"\nelif [[ \"${STATUS}\" == *\"{\\\"reponseCode\\\":\\\"0\\\"}\"* ]]; then\necho \"Success to upload the dSYM for the app [${BUNDLE_IDENTIFIER} ${BUGLY_APP_VERSION}]\"\nUPLOAD_RESULT=\"SUCCESS\"\nelse\necho \"Error: Failed to upload the zip archive file to Bugly.\"\nfi\n\n#Remove temp dSYM archive\n#echo \"Remove temporary zip archive: ${DSYM_ZIP_FPATH}\"\n#/bin/rm -f \"${DSYM_ZIP_FPATH}\"\n\nif [ \"$?\" -ne 0 ]; then\nexitWithMessage \"Error: Failed to remove temporary zip archive.\" 0\nfi\n\necho \"--------------------------------\"\necho \"${UPLOAD_RESULT} - dSYM upload complete.\"\n\nif [[ \"${UPLOAD_RESULT}\" == \"FAILTURE\" ]]; then\necho \"--------------------------------\"\necho \"Failed to upload the dSYM\"\necho \"Please check the script and try it again.\"\nfi\n}\n\n# .dSYM解析为bSYMBOL文件\nfunction dSYMParse() {\nDSYM_FILE=\"$1\"\nDSYM_SYMBOL_FILE=\"$2\"\n\necho \"--------------------------------\"\necho \"Extract symbol info from .dSYM file. to ${DSYM_SYMBOL_FILE}\"\n(/usr/bin/java -Xms512m -Xmx1024m -Dfile.encoding=UTF8 -jar \"${BUGLY_SYMBOL_JAR_PATH}\" -i \"${DSYM_FILE}\" -o \"${DSYM_SYMBOL_FILE}\" ) || exitWithMessage \"Error: Failed to extract symbols.\" 1\necho \"--------------------------------\"\n\n}\n\n# 执行\nfunction run() {\n\nCONFIG_BUGLY_APP_ID=\"$1\"\nCONFIG_BUGLY_APP_KEY=\"$2\"\n\nCONFIG_BUGLY_APP_BUNDLE_IDENTIFIER=\"$3\"\nCONFIG_BUGLY_APP_VERSION=\"$4\"\nCONFIG_DSYM_SOURCE_DIR=\"$5\"\nCONFIG_DSYM_DEST_DIR=\"$6\"\nCONFIG_UPLOAD_DSYM_ONLY=\"$7\"\n\n# 检查必须参数是否设置\nif [ ! \"${CONFIG_BUGLY_APP_ID}\" ]; then\nexitWithMessage \"Error: Bugly App ID not defined. Please set 'BUGLY_APP_ID' \" 0\nfi\n\nif [[ \"${CONFIG_BUGLY_APP_ID}\" == *\"App ID\"* ]]; then\nexitWithMessage \"Error: Bugly App ID not defined.\" 0\nfi\n\nif [ ! \"${CONFIG_BUGLY_APP_KEY}\" ]; then\nexitWithMessage \"Error: Bugly App Key not defined.\" 0\nfi\n\nif [ ! \"${CONFIG_BUGLY_APP_BUNDLE_IDENTIFIER}\" ]; then\nexitWithMessage \"Error: Bundle Identifier not defined.\" 0\nfi\n\nif [ ! \"${CONFIG_BUGLY_APP_VERSION}\" ]; then\nexitWithMessage \"Error: App Version not defined.\" 0\nfi\n\nif [ ! -e \"${CONFIG_DSYM_SOURCE_DIR}\" ]; then\nexitWithMessage \"Error: Invalid dir ${CONFIG_DSYM_SOURCE_DIR}\" 0\nfi\n\nif [ ! \"${CONFIG_DSYM_DEST_DIR}\" ]; then\nexitWithMessage \"Error: Invalid dir ${CONFIG_DSYM_DEST_DIR}\" 0\nfi\n\nif [ ! -e \"${CONFIG_DSYM_DEST_DIR}\" ]; then\nmkdir ${CONFIG_DSYM_DEST_DIR}\nfi\n\nDSYM_FOLDER=\"${CONFIG_DSYM_SOURCE_DIR}\"\nIFS=$'\\n'\n\necho \"Scaning dSYM FOLDER: ${DSYM_FOLDER} ...\"\nRET=\"F\"\n\n#\nfor dsymFile in $(find \"$DSYM_FOLDER\" -name '*.dSYM'); do\nRET=\"T\"\necho \"Found dSYM file: $dsymFile\"\n\nDSYM_FILE_NAME=${dsymFile##*/}\nDSYM_SYMBOL_ZIP_FILE_NAME=\"${DSYM_FILE_NAME}.zip\"\nDSYM_SYMBOL_ZIP_FILE_NAME=\"${DSYM_SYMBOL_ZIP_FILE_NAME// /_}\"\nDSYM_SYMBOL_ZIP_FILE=${CONFIG_DSYM_DEST_DIR}/${DSYM_SYMBOL_ZIP_FILE_NAME}\n\nif [ $CONFIG_UPLOAD_DSYM_ONLY -eq 1 ]; then\nif [ -e $DSYM_SYMBOL_ZIP_FILE ]; then\nrm -f $DSYM_SYMBOL_ZIP_FILE\nfi\n# 如果只上传dSYM，直接压缩dSYM目录\nzip -r -j $DSYM_SYMBOL_ZIP_FILE $dsymFile -x *.plist\nelse\n# 使用符号表工具来生成Symbol文件\ndSYMParse $dsymFile $DSYM_SYMBOL_ZIP_FILE\nfi\n\n# 上传\ndSYMUpload $CONFIG_BUGLY_APP_ID $CONFIG_BUGLY_APP_KEY $CONFIG_BUGLY_APP_BUNDLE_IDENTIFIER $CONFIG_BUGLY_APP_VERSION $DSYM_SYMBOL_ZIP_FILE\ndone\n\nif [ $RET = \"F\" ]; then\nexitWithMessage \"No .dSYM found in ${DSYM_FOLDER}\" 0\nfi\n}\n\n# 在Xcode工程中执行\nfunction runInXcode(){\necho \"Uploading dSYM to Bugly in Xcode ...\"\n\necho \"Info.Plist : ${INFOPLIST_FILE}\"\n\nBUNDLE_VERSION=$(/usr/libexec/PlistBuddy -c 'Print CFBundleVersion' \"${INFOPLIST_FILE}\")\nBUNDLE_SHORT_VERSION=$(/usr/libexec/PlistBuddy -c 'Print CFBundleShortVersionString' \"${INFOPLIST_FILE}\")\n\n# 组装Bugly默认识别的版本信息(格式为CFBundleShortVersionString(CFBundleVersion), 例如: 1.0(1))\nif [ ! \"${CUSTOMIZED_APP_VERSION}\" ]; then\nBUGLY_APP_VERSION=\"${BUNDLE_SHORT_VERSION}(${BUNDLE_VERSION})\"\nelse\nBUGLY_APP_VERSION=\"${CUSTOMIZED_APP_VERSION}\"\nfi\n\necho \"--------------------------------\"\necho \"Prepare application information.\"\necho \"--------------------------------\"\n\necho \"Product Name: ${PRODUCT_NAME}\"\necho \"Bundle Identifier: ${BUNDLE_IDENTIFIER}\"\necho \"Version: ${BUNDLE_SHORT_VERSION}\"\necho \"Build: ${BUNDLE_VERSION}\"\n\necho \"Bugly App ID: ${BUGLY_APP_ID}\"\necho \"Bugly App key: ${BUGLY_APP_KEY}\"\necho \"Bugly App Version: ${BUGLY_APP_VERSION}\"\n\necho \"--------------------------------\"\necho \"Check the arguments ...\"\n\n##检查模拟器编译是否允许上传符号\nif [ \"$EFFECTIVE_PLATFORM_NAME\" == \"-iphonesimulator\" ]; then\nif [ $UPLOAD_SIMULATOR_SYMBOLS -eq 0 ]; then\nexitWithMessage \"Warning: Build for simulator and skipping to upload. \\nYou can modify 'UPLOAD_SIMULATOR_SYMBOLS' to 1 in the script.\" 0\nfi\nfi\n\n##检查是否是Release模式编译\nif [ \"${CONFIGURATION=}\" == \"Debug\" ]; then\nif [ $UPLOAD_DEBUG_SYMBOLS -eq 0 ]; then\nexitWithMessage \"Warning: Build for debug mode and skipping to upload. \\nYou can modify 'UPLOAD_DEBUG_SYMBOLS' to 1 in the script.\" 0\nfi\nfi\n\n##检查是否Archive操作\nif [ $UPLOAD_ARCHIVE_ONLY -eq 1 ]; then\nif [[ \"$TARGET_BUILD_DIR\" == *\"/Archive\"* ]]; then\necho \"Archive the package\"\nelse\nexitWithMessage \"Warning: Build for NOT Archive mode and skipping to upload. \\nYou can modify 'UPLOAD_ARCHIVE_ONLY' to 0 in the script.\" 0\nfi\nfi\n\n#\nrun ${BUGLY_APP_ID} ${BUGLY_APP_KEY} ${BUNDLE_IDENTIFIER} ${BUGLY_APP_VERSION} ${DWARF_DSYM_FOLDER_PATH} ${BUILD_DIR}/BuglySymbolTemp ${UPLOAD_DSYM_ONLY}\n}\n\n# 根据Xcode的环境变量判断是否处于Xcode环境\nINFO_PLIST_FILE=\"${INFOPLIST_FILE}\"\n\nBuildInXcode=\"F\"\nif [ -f \"${INFO_PLIST_FILE}\" ]; then\nBuildInXcode=\"T\"\nfi\n\nif [ $BuildInXcode = \"T\" ]; then\nrunInXcode\nelse\necho \"\\nUsage: dSYMUpload.sh <bugly_app_id> <bugly_app_key> <app_bundle_identifier> <app_version> <dSYM_src_dir> <bSYMBOL_dest_dir> [upload_dsym_only]\\n\"\n# 你可以在此处直接设置BuglyAppID和BuglyAppKey，排除不常变参数的输入\nBUGLY_APP_ID=\"$1\"\nBUGLY_APP_KEY=\"$2\"\nBUNDLE_IDENTIFIER=\"$3\"\nBUGLY_APP_VERSION=\"$4\"\nDWARF_DSYM_FOLDER_PATH=\"$5\"\nSYMBOL_OUTPUT_PATH=\"$6\"\nUPLOAD_DSYM_ONLY=$7\nrun ${BUGLY_APP_ID} ${BUGLY_APP_KEY} ${BUNDLE_IDENTIFIER} ${BUGLY_APP_VERSION} ${DWARF_DSYM_FOLDER_PATH} ${SYMBOL_OUTPUT_PATH} ${UPLOAD_DSYM_ONLY}\nfi\n";
		};
/* End PBXShellScriptBuildPhase section */

/* Begin PBXSourcesBuildPhase section */
		9F340BED2136C0BA00ED4308 /* Sources */ = {
			isa = PBXSourcesBuildPhase;
			buildActionMask = 2147483647;
			files = (
				9F340C042136C0BA00ED4308 /* main.m in Sources */,
				9F340BF62136C0BA00ED4308 /* AppDelegate.m in Sources */,
			);
			runOnlyForDeploymentPostprocessing = 0;
		};
/* End PBXSourcesBuildPhase section */

/* Begin PBXVariantGroup section */
		9F340BFF2136C0BA00ED4308 /* LaunchScreen.storyboard */ = {
			isa = PBXVariantGroup;
			children = (
				9F340C002136C0BA00ED4308 /* Base */,
			);
			name = LaunchScreen.storyboard;
			sourceTree = "<group>";
		};
		9F45BB95215649530027721C /* first_logo.png */ = {
			isa = PBXVariantGroup;
			children = (
				9F45BB96215649530027721C /* Base */,
			);
			name = first_logo.png;
			sourceTree = "<group>";
		};
/* End PBXVariantGroup section */

/* Begin XCBuildConfiguration section */
		9F340C052136C0BA00ED4308 /* Debug */ = {
			isa = XCBuildConfiguration;
			buildSettings = {
				ALWAYS_SEARCH_USER_PATHS = NO;
				CLANG_ANALYZER_NONNULL = YES;
				CLANG_ANALYZER_NUMBER_OBJECT_CONVERSION = YES_AGGRESSIVE;
				CLANG_CXX_LANGUAGE_STANDARD = "gnu++14";
				CLANG_CXX_LIBRARY = "libc++";
				CLANG_ENABLE_MODULES = YES;
				CLANG_ENABLE_OBJC_ARC = YES;
				CLANG_WARN_BLOCK_CAPTURE_AUTORELEASING = YES;
				CLANG_WARN_BOOL_CONVERSION = YES;
				CLANG_WARN_COMMA = YES;
				CLANG_WARN_CONSTANT_CONVERSION = YES;
				CLANG_WARN_DEPRECATED_OBJC_IMPLEMENTATIONS = YES;
				CLANG_WARN_DIRECT_OBJC_ISA_USAGE = YES_ERROR;
				CLANG_WARN_DOCUMENTATION_COMMENTS = YES;
				CLANG_WARN_EMPTY_BODY = YES;
				CLANG_WARN_ENUM_CONVERSION = YES;
				CLANG_WARN_INFINITE_RECURSION = YES;
				CLANG_WARN_INT_CONVERSION = YES;
				CLANG_WARN_NON_LITERAL_NULL_CONVERSION = YES;
				CLANG_WARN_OBJC_IMPLICIT_RETAIN_SELF = YES;
				CLANG_WARN_OBJC_LITERAL_CONVERSION = YES;
				CLANG_WARN_OBJC_ROOT_CLASS = YES_ERROR;
				CLANG_WARN_RANGE_LOOP_ANALYSIS = YES;
				CLANG_WARN_STRICT_PROTOTYPES = YES;
				CLANG_WARN_SUSPICIOUS_MOVE = YES;
				CLANG_WARN_UNGUARDED_AVAILABILITY = YES_AGGRESSIVE;
				CLANG_WARN_UNREACHABLE_CODE = YES;
				CLANG_WARN__DUPLICATE_METHOD_MATCH = YES;
				CODE_SIGN_IDENTITY = "iPhone Developer";
				COPY_PHASE_STRIP = NO;
				DEBUG_INFORMATION_FORMAT = dwarf;
				ENABLE_STRICT_OBJC_MSGSEND = YES;
				ENABLE_TESTABILITY = YES;
				GCC_C_LANGUAGE_STANDARD = gnu11;
				GCC_DYNAMIC_NO_PIC = NO;
				GCC_NO_COMMON_BLOCKS = YES;
				GCC_OPTIMIZATION_LEVEL = 0;
				GCC_PREPROCESSOR_DEFINITIONS = (
					"DEBUG=1",
					"$(inherited)",
				);
				GCC_WARN_64_TO_32_BIT_CONVERSION = YES;
				GCC_WARN_ABOUT_RETURN_TYPE = YES_ERROR;
				GCC_WARN_UNDECLARED_SELECTOR = YES;
				GCC_WARN_UNINITIALIZED_AUTOS = YES_AGGRESSIVE;
				GCC_WARN_UNUSED_FUNCTION = YES;
				GCC_WARN_UNUSED_VARIABLE = YES;
				IPHONEOS_DEPLOYMENT_TARGET = 11.0;
				MTL_ENABLE_DEBUG_INFO = YES;
				ONLY_ACTIVE_ARCH = YES;
				SDKROOT = iphoneos;
			};
			name = Debug;
		};
		9F340C062136C0BA00ED4308 /* Release */ = {
			isa = XCBuildConfiguration;
			buildSettings = {
				ALWAYS_SEARCH_USER_PATHS = NO;
				CLANG_ANALYZER_NONNULL = YES;
				CLANG_ANALYZER_NUMBER_OBJECT_CONVERSION = YES_AGGRESSIVE;
				CLANG_CXX_LANGUAGE_STANDARD = "gnu++14";
				CLANG_CXX_LIBRARY = "libc++";
				CLANG_ENABLE_MODULES = YES;
				CLANG_ENABLE_OBJC_ARC = YES;
				CLANG_WARN_BLOCK_CAPTURE_AUTORELEASING = YES;
				CLANG_WARN_BOOL_CONVERSION = YES;
				CLANG_WARN_COMMA = YES;
				CLANG_WARN_CONSTANT_CONVERSION = YES;
				CLANG_WARN_DEPRECATED_OBJC_IMPLEMENTATIONS = YES;
				CLANG_WARN_DIRECT_OBJC_ISA_USAGE = YES_ERROR;
				CLANG_WARN_DOCUMENTATION_COMMENTS = YES;
				CLANG_WARN_EMPTY_BODY = YES;
				CLANG_WARN_ENUM_CONVERSION = YES;
				CLANG_WARN_INFINITE_RECURSION = YES;
				CLANG_WARN_INT_CONVERSION = YES;
				CLANG_WARN_NON_LITERAL_NULL_CONVERSION = YES;
				CLANG_WARN_OBJC_IMPLICIT_RETAIN_SELF = YES;
				CLANG_WARN_OBJC_LITERAL_CONVERSION = YES;
				CLANG_WARN_OBJC_ROOT_CLASS = YES_ERROR;
				CLANG_WARN_RANGE_LOOP_ANALYSIS = YES;
				CLANG_WARN_STRICT_PROTOTYPES = YES;
				CLANG_WARN_SUSPICIOUS_MOVE = YES;
				CLANG_WARN_UNGUARDED_AVAILABILITY = YES_AGGRESSIVE;
				CLANG_WARN_UNREACHABLE_CODE = YES;
				CLANG_WARN__DUPLICATE_METHOD_MATCH = YES;
				CODE_SIGN_IDENTITY = "iPhone Developer";
				COPY_PHASE_STRIP = NO;
				DEBUG_INFORMATION_FORMAT = "dwarf-with-dsym";
				ENABLE_NS_ASSERTIONS = NO;
				ENABLE_STRICT_OBJC_MSGSEND = YES;
				GCC_C_LANGUAGE_STANDARD = gnu11;
				GCC_NO_COMMON_BLOCKS = YES;
				GCC_WARN_64_TO_32_BIT_CONVERSION = YES;
				GCC_WARN_ABOUT_RETURN_TYPE = YES_ERROR;
				GCC_WARN_UNDECLARED_SELECTOR = YES;
				GCC_WARN_UNINITIALIZED_AUTOS = YES_AGGRESSIVE;
				GCC_WARN_UNUSED_FUNCTION = YES;
				GCC_WARN_UNUSED_VARIABLE = YES;
				IPHONEOS_DEPLOYMENT_TARGET = 11.0;
				MTL_ENABLE_DEBUG_INFO = NO;
				SDKROOT = iphoneos;
				VALIDATE_PRODUCT = YES;
			};
			name = Release;
		};
		9F340C082136C0BA00ED4308 /* Debug */ = {
			isa = XCBuildConfiguration;
			baseConfigurationReference = CAE7A022C9FBA267E27B7D98 /* Pods-DNGPS.debug.xcconfig */;
			buildSettings = {
				ASSETCATALOG_COMPILER_APPICON_NAME = AppIcon;
				CODE_SIGN_IDENTITY = "iPhone Developer";
				CODE_SIGN_STYLE = Automatic;
				DEBUG_INFORMATION_FORMAT = "dwarf-with-dsym";
				DEVELOPMENT_TEAM = YN536HZVZ8;
				HEADER_SEARCH_PATHS = (
					"$(inherited)",
					"\"$(SDKROOT)/usr/include/libxml2\"",
					"\"${PODS_ROOT}/Headers/Public\"",
					"\"${PODS_ROOT}/Headers/Public/AVOSCloud\"",
					"\"${PODS_ROOT}/Headers/Public/DNFeature\"",
					"\"${PODS_ROOT}/Headers/Public/DNFoundation\"",
					"\"${PODS_ROOT}/Headers/Public/FMDB\"",
					"\"${PODS_ROOT}/Headers/Public/JLRoutes\"",
					"\"${PODS_ROOT}/Headers/Public/MBProgressHUD\"",
					"\"${PODS_ROOT}/Headers/Public/MMDrawerController\"",
					"\"${PODS_ROOT}/Headers/Public/Masonry\"",
					"\"${PODS_ROOT}/Headers/Public/SDWebImage\"",
				);
				INFOPLIST_FILE = DNGPS/Info.plist;
				IPHONEOS_DEPLOYMENT_TARGET = 8.0;
				LD_RUNPATH_SEARCH_PATHS = "$(inherited) @executable_path/Frameworks";
				PRODUCT_BUNDLE_IDENTIFIER = com.deniu.DNGPS;
				PRODUCT_NAME = "$(TARGET_NAME)";
				PROVISIONING_PROFILE_SPECIFIER = "";
				TARGETED_DEVICE_FAMILY = "1,2";
			};
			name = Debug;
		};
		9F340C092136C0BA00ED4308 /* Release */ = {
			isa = XCBuildConfiguration;
			baseConfigurationReference = A45C462966E30D7864CAC263 /* Pods-DNGPS.release.xcconfig */;
			buildSettings = {
				ASSETCATALOG_COMPILER_APPICON_NAME = AppIcon;
				CODE_SIGN_IDENTITY = "iPhone Developer";
				CODE_SIGN_STYLE = Automatic;
				DEBUG_INFORMATION_FORMAT = "dwarf-with-dsym";
				DEVELOPMENT_TEAM = YN536HZVZ8;
				HEADER_SEARCH_PATHS = (
					"$(inherited)",
					"\"$(SDKROOT)/usr/include/libxml2\"",
					"\"${PODS_ROOT}/Headers/Public\"",
					"\"${PODS_ROOT}/Headers/Public/AVOSCloud\"",
					"\"${PODS_ROOT}/Headers/Public/DNFeature\"",
					"\"${PODS_ROOT}/Headers/Public/DNFoundation\"",
					"\"${PODS_ROOT}/Headers/Public/FMDB\"",
					"\"${PODS_ROOT}/Headers/Public/JLRoutes\"",
					"\"${PODS_ROOT}/Headers/Public/MBProgressHUD\"",
					"\"${PODS_ROOT}/Headers/Public/MMDrawerController\"",
					"\"${PODS_ROOT}/Headers/Public/Masonry\"",
					"\"${PODS_ROOT}/Headers/Public/SDWebImage\"",
				);
				INFOPLIST_FILE = DNGPS/Info.plist;
				IPHONEOS_DEPLOYMENT_TARGET = 8.0;
				LD_RUNPATH_SEARCH_PATHS = "$(inherited) @executable_path/Frameworks";
				PRODUCT_BUNDLE_IDENTIFIER = com.deniu.DNGPS;
				PRODUCT_NAME = "$(TARGET_NAME)";
				PROVISIONING_PROFILE_SPECIFIER = "";
				TARGETED_DEVICE_FAMILY = "1,2";
			};
			name = Release;
		};
/* End XCBuildConfiguration section */

/* Begin XCConfigurationList section */
		9F340BEC2136C0BA00ED4308 /* Build configuration list for PBXProject "DNGPS" */ = {
			isa = XCConfigurationList;
			buildConfigurations = (
				9F340C052136C0BA00ED4308 /* Debug */,
				9F340C062136C0BA00ED4308 /* Release */,
			);
			defaultConfigurationIsVisible = 0;
			defaultConfigurationName = Release;
		};
		9F340C072136C0BA00ED4308 /* Build configuration list for PBXNativeTarget "DNGPS" */ = {
			isa = XCConfigurationList;
			buildConfigurations = (
				9F340C082136C0BA00ED4308 /* Debug */,
				9F340C092136C0BA00ED4308 /* Release */,
			);
			defaultConfigurationIsVisible = 0;
			defaultConfigurationName = Release;
		};
/* End XCConfigurationList section */
	};
	rootObject = 9F340BE92136C0BA00ED4308 /* Project object */;
}
